
Microsoft Visual Studio Solution File, Format Version 12.00
# Visual Studio 15
VisualStudioVersion = 15.0.27703.2042
MinimumVisualStudioVersion = 10.0.40219.1
Project("{FAE04EC0-301F-11D3-BF4B-00C04F79EFBC}") = "Beginer.Bee.CQP", "Beginer.Bee.CQP\Beginer.Bee.CQP.csproj", "{FA4A5DF0-BD4D-4E6D-A5AB-EC5A61AD8653}"
EndProject
Global
	GlobalSection(SolutionConfigurationPlatforms) = preSolution
		Debug|Any CPU = Debug|Any CPU
		Release|Any CPU = Release|Any CPU
	EndGlobalSection
	GlobalSection(ProjectConfigurationPlatforms) = postSolution
		{FA4A5DF0-BD4D-4E6D-A5AB-EC5A61AD8653}.Debug|Any CPU.ActiveCfg = Debug|Any CPU
		{FA4A5DF0-BD4D-4E6D-A5AB-EC5A61AD8653}.Debug|Any CPU.Build.0 = Debug|Any CPU
		{FA4A5DF0-BD4D-4E6D-A5AB-EC5A61AD8653}.Release|Any CPU.ActiveCfg = Release|Any CPU
		{FA4A5DF0-BD4D-4E6D-A5AB-EC5A61AD8653}.Release|Any CPU.Build.0 = Release|Any CPU
	EndGlobalSection
	GlobalSection(SolutionProperties) = preSolution
		HideSolutionNode = FALSE
	EndGlobalSection
	GlobalSection(ExtensibilityGlobals) = postSolution
		SolutionGuid = {F859178B-BA25-48B9-85FB-361AD0004A71}
	EndGlobalSection
EndGlobal
